
Microsoft Visual Studio Solution File, Format Version 12.00
# Visual Studio Version 17
VisualStudioVersion = 17.1.32328.378
MinimumVisualStudioVersion = 10.0.40219.1
Project("{FAE04EC0-301F-11D3-BF4B-00C04F79EFBC}") = "SampleAPIConsoleApp", "SampleAPIConsoleApp\SampleAPIConsoleApp.csproj", "{643331BC-82A5-42B4-874D-A799BA5AB5BC}"
EndProject
Global
	GlobalSection(SolutionConfigurationPlatforms) = preSolution
		Debug|Any CPU = Debug|Any CPU
		Release|Any CPU = Release|Any CPU
	EndGlobalSection
	GlobalSection(ProjectConfigurationPlatforms) = postSolution
		{643331BC-82A5-42B4-874D-A799BA5AB5BC}.Debug|Any CPU.ActiveCfg = Debug|Any CPU
		{643331BC-82A5-42B4-874D-A799BA5AB5BC}.Debug|Any CPU.Build.0 = Debug|Any CPU
		{643331BC-82A5-42B4-874D-A799BA5AB5BC}.Release|Any CPU.ActiveCfg = Release|Any CPU
		{643331BC-82A5-42B4-874D-A799BA5AB5BC}.Release|Any CPU.Build.0 = Release|Any CPU
	EndGlobalSection
	GlobalSection(SolutionProperties) = preSolution
		HideSolutionNode = FALSE
	EndGlobalSection
	GlobalSection(ExtensibilityGlobals) = postSolution
		SolutionGuid = {3D66131F-BA8B-4FCA-B60A-9B75D98DAD72}
	EndGlobalSection
EndGlobal
